
Microsoft Visual Studio Solution File, Format Version 11.00
# Visual Studio 2010
Project("{FAE04EC0-301F-11D3-BF4B-00C04F79EFBC}") = "lightmap-switching-tool", "Assembly-CSharp.csproj", "{3F272554-A10D-0F08-7172-DD9FAE92245B}"
EndProject
Project("{FAE04EC0-301F-11D3-BF4B-00C04F79EFBC}") = "lightmap-switching-tool", "Assembly-CSharp-Editor.csproj", "{DC2936F9-8BD8-BB68-DA20-DE785CF5D908}"
EndProject
Global
	GlobalSection(SolutionConfigurationPlatforms) = preSolution
		Debug|Any CPU = Debug|Any CPU
		Release|Any CPU = Release|Any CPU
	EndGlobalSection
	GlobalSection(ProjectConfigurationPlatforms) = postSolution
		{3F272554-A10D-0F08-7172-DD9FAE92245B}.Debug|Any CPU.ActiveCfg = Debug|Any CPU
		{3F272554-A10D-0F08-7172-DD9FAE92245B}.Debug|Any CPU.Build.0 = Debug|Any CPU
		{3F272554-A10D-0F08-7172-DD9FAE92245B}.Release|Any CPU.ActiveCfg = Release|Any CPU
		{3F272554-A10D-0F08-7172-DD9FAE92245B}.Release|Any CPU.Build.0 = Release|Any CPU
		{DC2936F9-8BD8-BB68-DA20-DE785CF5D908}.Debug|Any CPU.ActiveCfg = Debug|Any CPU
		{DC2936F9-8BD8-BB68-DA20-DE785CF5D908}.Debug|Any CPU.Build.0 = Debug|Any CPU
		{DC2936F9-8BD8-BB68-DA20-DE785CF5D908}.Release|Any CPU.ActiveCfg = Release|Any CPU
		{DC2936F9-8BD8-BB68-DA20-DE785CF5D908}.Release|Any CPU.Build.0 = Release|Any CPU
	EndGlobalSection
	GlobalSection(SolutionProperties) = preSolution
		HideSolutionNode = FALSE
	EndGlobalSection
	GlobalSection(MonoDevelopProperties) = preSolution
		StartupItem = Assembly-CSharp.csproj
	EndGlobalSection
EndGlobal
