
Microsoft Visual Studio Solution File, Format Version 12.00
# Visual Studio 2017
Project("{FAE04EC0-301F-11D3-BF4B-00C04F79EFBC}") = "lightmap-switching-tool", "lightmap-switching-tool.csproj", "{AAC0E4FD-A7CA-A50F-E8AC-ADBDC1665FFC}"
EndProject
Project("{FAE04EC0-301F-11D3-BF4B-00C04F79EFBC}") = "lightmap-switching-tool.Editor", "lightmap-switching-tool.Editor.csproj", "{A436590C-1201-97E6-B4F3-3CFE6389D522}"
EndProject
Global
	GlobalSection(SolutionConfigurationPlatforms) = preSolution
		Debug|Any CPU = Debug|Any CPU
		Release|Any CPU = Release|Any CPU
	EndGlobalSection
	GlobalSection(ProjectConfigurationPlatforms) = postSolution
		{AAC0E4FD-A7CA-A50F-E8AC-ADBDC1665FFC}.Debug|Any CPU.ActiveCfg = Debug|Any CPU
		{AAC0E4FD-A7CA-A50F-E8AC-ADBDC1665FFC}.Debug|Any CPU.Build.0 = Debug|Any CPU
		{AAC0E4FD-A7CA-A50F-E8AC-ADBDC1665FFC}.Release|Any CPU.ActiveCfg = Release|Any CPU
		{AAC0E4FD-A7CA-A50F-E8AC-ADBDC1665FFC}.Release|Any CPU.Build.0 = Release|Any CPU
		{A436590C-1201-97E6-B4F3-3CFE6389D522}.Debug|Any CPU.ActiveCfg = Debug|Any CPU
		{A436590C-1201-97E6-B4F3-3CFE6389D522}.Debug|Any CPU.Build.0 = Debug|Any CPU
		{A436590C-1201-97E6-B4F3-3CFE6389D522}.Release|Any CPU.ActiveCfg = Release|Any CPU
		{A436590C-1201-97E6-B4F3-3CFE6389D522}.Release|Any CPU.Build.0 = Release|Any CPU
	EndGlobalSection
	GlobalSection(SolutionProperties) = preSolution
		HideSolutionNode = FALSE
	EndGlobalSection
EndGlobal
